
Microsoft Visual Studio Solution File, Format Version 12.00
# Visual Studio Version 17
VisualStudioVersion = 17.14.36203.30 d17.14
MinimumVisualStudioVersion = 10.0.40219.1
Project("{FAE04EC0-301F-11D3-BF4B-00C04F79EFBC}") = "Project1", "Project1.csproj", "{D1D39CA7-CA04-459F-88CA-7202C2D1031D}"
EndProject
Global
	GlobalSection(SolutionConfigurationPlatforms) = preSolution
		Debug|Any CPU = Debug|Any CPU
		Release|Any CPU = Release|Any CPU
	EndGlobalSection
	GlobalSection(ProjectConfigurationPlatforms) = postSolution
		{D1D39CA7-CA04-459F-88CA-7202C2D1031D}.Debug|Any CPU.ActiveCfg = Debug|Any CPU
		{D1D39CA7-CA04-459F-88CA-7202C2D1031D}.Debug|Any CPU.Build.0 = Debug|Any CPU
		{D1D39CA7-CA04-459F-88CA-7202C2D1031D}.Release|Any CPU.ActiveCfg = Release|Any CPU
		{D1D39CA7-CA04-459F-88CA-7202C2D1031D}.Release|Any CPU.Build.0 = Release|Any CPU
	EndGlobalSection
	GlobalSection(SolutionProperties) = preSolution
		HideSolutionNode = FALSE
	EndGlobalSection
	GlobalSection(ExtensibilityGlobals) = postSolution
		SolutionGuid = {8A89B476-0613-423D-9A46-7343521B9E21}
	EndGlobalSection
EndGlobal
