
Microsoft Visual Studio Solution File, Format Version 12.00
# Visual Studio Version 17
VisualStudioVersion = 17.14.36203.30 d17.14
MinimumVisualStudioVersion = 10.0.40219.1
Project("{FAE04EC0-301F-11D3-BF4B-00C04F79EFBC}") = "Project1", "Project1.csproj", "{2F5C9330-B3F3-4A6E-B100-F797C68B2774}"
EndProject
Global
	GlobalSection(SolutionConfigurationPlatforms) = preSolution
		Debug|Any CPU = Debug|Any CPU
		Release|Any CPU = Release|Any CPU
	EndGlobalSection
	GlobalSection(ProjectConfigurationPlatforms) = postSolution
		{2F5C9330-B3F3-4A6E-B100-F797C68B2774}.Debug|Any CPU.ActiveCfg = Debug|Any CPU
		{2F5C9330-B3F3-4A6E-B100-F797C68B2774}.Debug|Any CPU.Build.0 = Debug|Any CPU
		{2F5C9330-B3F3-4A6E-B100-F797C68B2774}.Release|Any CPU.ActiveCfg = Release|Any CPU
		{2F5C9330-B3F3-4A6E-B100-F797C68B2774}.Release|Any CPU.Build.0 = Release|Any CPU
	EndGlobalSection
	GlobalSection(SolutionProperties) = preSolution
		HideSolutionNode = FALSE
	EndGlobalSection
	GlobalSection(ExtensibilityGlobals) = postSolution
		SolutionGuid = {FE33B70E-03BF-4412-B215-A044AF7ADA55}
	EndGlobalSection
EndGlobal
