
Microsoft Visual Studio Solution File, Format Version 12.00
# Visual Studio Version 17
VisualStudioVersion = 17.14.36203.30 d17.14
MinimumVisualStudioVersion = 10.0.40219.1
Project("{FAE04EC0-301F-11D3-BF4B-00C04F79EFBC}") = "Project1", "Project1.csproj", "{0F61C802-AE41-4EFC-80C9-A6BA73FD37FB}"
EndProject
Global
	GlobalSection(SolutionConfigurationPlatforms) = preSolution
		Debug|Any CPU = Debug|Any CPU
		Release|Any CPU = Release|Any CPU
	EndGlobalSection
	GlobalSection(ProjectConfigurationPlatforms) = postSolution
		{0F61C802-AE41-4EFC-80C9-A6BA73FD37FB}.Debug|Any CPU.ActiveCfg = Debug|Any CPU
		{0F61C802-AE41-4EFC-80C9-A6BA73FD37FB}.Debug|Any CPU.Build.0 = Debug|Any CPU
		{0F61C802-AE41-4EFC-80C9-A6BA73FD37FB}.Release|Any CPU.ActiveCfg = Release|Any CPU
		{0F61C802-AE41-4EFC-80C9-A6BA73FD37FB}.Release|Any CPU.Build.0 = Release|Any CPU
	EndGlobalSection
	GlobalSection(SolutionProperties) = preSolution
		HideSolutionNode = FALSE
	EndGlobalSection
	GlobalSection(ExtensibilityGlobals) = postSolution
		SolutionGuid = {994A8AE2-0E6F-42ED-AC20-90DA64E04365}
	EndGlobalSection
EndGlobal
