
Microsoft Visual Studio Solution File, Format Version 12.00
# Visual Studio Version 17
VisualStudioVersion = 17.14.36203.30 d17.14
MinimumVisualStudioVersion = 10.0.40219.1
Project("{FAE04EC0-301F-11D3-BF4B-00C04F79EFBC}") = "Project1", "Project1.csproj", "{D3C231CB-7063-4223-A644-45BDAEB6059C}"
EndProject
Global
	GlobalSection(SolutionConfigurationPlatforms) = preSolution
		Debug|Any CPU = Debug|Any CPU
		Release|Any CPU = Release|Any CPU
	EndGlobalSection
	GlobalSection(ProjectConfigurationPlatforms) = postSolution
		{D3C231CB-7063-4223-A644-45BDAEB6059C}.Debug|Any CPU.ActiveCfg = Debug|Any CPU
		{D3C231CB-7063-4223-A644-45BDAEB6059C}.Debug|Any CPU.Build.0 = Debug|Any CPU
		{D3C231CB-7063-4223-A644-45BDAEB6059C}.Release|Any CPU.ActiveCfg = Release|Any CPU
		{D3C231CB-7063-4223-A644-45BDAEB6059C}.Release|Any CPU.Build.0 = Release|Any CPU
	EndGlobalSection
	GlobalSection(SolutionProperties) = preSolution
		HideSolutionNode = FALSE
	EndGlobalSection
	GlobalSection(ExtensibilityGlobals) = postSolution
		SolutionGuid = {2EA2723C-CE5A-4F7D-9137-7685076FA235}
	EndGlobalSection
EndGlobal
