
Microsoft Visual Studio Solution File, Format Version 12.00
# Visual Studio Version 17
VisualStudioVersion = 17.14.36203.30 d17.14
MinimumVisualStudioVersion = 10.0.40219.1
Project("{FAE04EC0-301F-11D3-BF4B-00C04F79EFBC}") = "Project1", "Project1.csproj", "{9C1E7B2C-A420-4E33-A4CC-37A154B06E49}"
EndProject
Global
	GlobalSection(SolutionConfigurationPlatforms) = preSolution
		Debug|Any CPU = Debug|Any CPU
		Release|Any CPU = Release|Any CPU
	EndGlobalSection
	GlobalSection(ProjectConfigurationPlatforms) = postSolution
		{9C1E7B2C-A420-4E33-A4CC-37A154B06E49}.Debug|Any CPU.ActiveCfg = Debug|Any CPU
		{9C1E7B2C-A420-4E33-A4CC-37A154B06E49}.Debug|Any CPU.Build.0 = Debug|Any CPU
		{9C1E7B2C-A420-4E33-A4CC-37A154B06E49}.Release|Any CPU.ActiveCfg = Release|Any CPU
		{9C1E7B2C-A420-4E33-A4CC-37A154B06E49}.Release|Any CPU.Build.0 = Release|Any CPU
	EndGlobalSection
	GlobalSection(SolutionProperties) = preSolution
		HideSolutionNode = FALSE
	EndGlobalSection
	GlobalSection(ExtensibilityGlobals) = postSolution
		SolutionGuid = {11C93AE3-2EC4-4096-A60A-07BE6B409299}
	EndGlobalSection
EndGlobal
