
Microsoft Visual Studio Solution File, Format Version 12.00
# Visual Studio Version 17
VisualStudioVersion = 17.8.34408.163
MinimumVisualStudioVersion = 10.0.40219.1
Project("{FAE04EC0-301F-11D3-BF4B-00C04F79EFBC}") = "Project2", "Project2.csproj", "{8F387AA9-5135-4591-B147-996D4E621F2D}"
EndProject
Global
	GlobalSection(SolutionConfigurationPlatforms) = preSolution
		Debug|Any CPU = Debug|Any CPU
		Release|Any CPU = Release|Any CPU
	EndGlobalSection
	GlobalSection(ProjectConfigurationPlatforms) = postSolution
		{8F387AA9-5135-4591-B147-996D4E621F2D}.Debug|Any CPU.ActiveCfg = Debug|Any CPU
		{8F387AA9-5135-4591-B147-996D4E621F2D}.Debug|Any CPU.Build.0 = Debug|Any CPU
		{8F387AA9-5135-4591-B147-996D4E621F2D}.Release|Any CPU.ActiveCfg = Release|Any CPU
		{8F387AA9-5135-4591-B147-996D4E621F2D}.Release|Any CPU.Build.0 = Release|Any CPU
	EndGlobalSection
	GlobalSection(SolutionProperties) = preSolution
		HideSolutionNode = FALSE
	EndGlobalSection
	GlobalSection(ExtensibilityGlobals) = postSolution
		SolutionGuid = {319B6B94-DD8D-4CBC-9860-BE5CE87EFAFC}
	EndGlobalSection
EndGlobal
