
Microsoft Visual Studio Solution File, Format Version 12.00
# Visual Studio Version 17
VisualStudioVersion = 17.14.36203.30 d17.14
MinimumVisualStudioVersion = 10.0.40219.1
Project("{FAE04EC0-301F-11D3-BF4B-00C04F79EFBC}") = "Project1", "Project1.csproj", "{175FF455-AFE6-4AD9-A1FC-40DE585D90FE}"
EndProject
Global
	GlobalSection(SolutionConfigurationPlatforms) = preSolution
		Debug|Any CPU = Debug|Any CPU
		Release|Any CPU = Release|Any CPU
	EndGlobalSection
	GlobalSection(ProjectConfigurationPlatforms) = postSolution
		{175FF455-AFE6-4AD9-A1FC-40DE585D90FE}.Debug|Any CPU.ActiveCfg = Debug|Any CPU
		{175FF455-AFE6-4AD9-A1FC-40DE585D90FE}.Debug|Any CPU.Build.0 = Debug|Any CPU
		{175FF455-AFE6-4AD9-A1FC-40DE585D90FE}.Release|Any CPU.ActiveCfg = Release|Any CPU
		{175FF455-AFE6-4AD9-A1FC-40DE585D90FE}.Release|Any CPU.Build.0 = Release|Any CPU
	EndGlobalSection
	GlobalSection(SolutionProperties) = preSolution
		HideSolutionNode = FALSE
	EndGlobalSection
	GlobalSection(ExtensibilityGlobals) = postSolution
		SolutionGuid = {58C8D65A-D539-406B-A3EB-AABEF6F020FD}
	EndGlobalSection
EndGlobal
