
Microsoft Visual Studio Solution File, Format Version 12.00
# Visual Studio Version 17
VisualStudioVersion = 17.14.36203.30 d17.14
MinimumVisualStudioVersion = 10.0.40219.1
Project("{FAE04EC0-301F-11D3-BF4B-00C04F79EFBC}") = "Project1", "Project1.csproj", "{E29D2DBC-D3F4-4A48-B421-096F2710C948}"
EndProject
Global
	GlobalSection(SolutionConfigurationPlatforms) = preSolution
		Debug|Any CPU = Debug|Any CPU
		Release|Any CPU = Release|Any CPU
	EndGlobalSection
	GlobalSection(ProjectConfigurationPlatforms) = postSolution
		{E29D2DBC-D3F4-4A48-B421-096F2710C948}.Debug|Any CPU.ActiveCfg = Debug|Any CPU
		{E29D2DBC-D3F4-4A48-B421-096F2710C948}.Debug|Any CPU.Build.0 = Debug|Any CPU
		{E29D2DBC-D3F4-4A48-B421-096F2710C948}.Release|Any CPU.ActiveCfg = Release|Any CPU
		{E29D2DBC-D3F4-4A48-B421-096F2710C948}.Release|Any CPU.Build.0 = Release|Any CPU
	EndGlobalSection
	GlobalSection(SolutionProperties) = preSolution
		HideSolutionNode = FALSE
	EndGlobalSection
	GlobalSection(ExtensibilityGlobals) = postSolution
		SolutionGuid = {D760406F-07DC-40EB-BD47-B76373EB8B10}
	EndGlobalSection
EndGlobal
