
Microsoft Visual Studio Solution File, Format Version 12.00
# Visual Studio Version 17
VisualStudioVersion = 17.14.36203.30 d17.14
MinimumVisualStudioVersion = 10.0.40219.1
Project("{FAE04EC0-301F-11D3-BF4B-00C04F79EFBC}") = "Project1", "Project1.csproj", "{B0D331EB-BFE9-42D2-9223-915CA6586CC0}"
EndProject
Global
	GlobalSection(SolutionConfigurationPlatforms) = preSolution
		Debug|Any CPU = Debug|Any CPU
		Release|Any CPU = Release|Any CPU
	EndGlobalSection
	GlobalSection(ProjectConfigurationPlatforms) = postSolution
		{B0D331EB-BFE9-42D2-9223-915CA6586CC0}.Debug|Any CPU.ActiveCfg = Debug|Any CPU
		{B0D331EB-BFE9-42D2-9223-915CA6586CC0}.Debug|Any CPU.Build.0 = Debug|Any CPU
		{B0D331EB-BFE9-42D2-9223-915CA6586CC0}.Release|Any CPU.ActiveCfg = Release|Any CPU
		{B0D331EB-BFE9-42D2-9223-915CA6586CC0}.Release|Any CPU.Build.0 = Release|Any CPU
	EndGlobalSection
	GlobalSection(SolutionProperties) = preSolution
		HideSolutionNode = FALSE
	EndGlobalSection
	GlobalSection(ExtensibilityGlobals) = postSolution
		SolutionGuid = {09B0111A-1006-4747-BC0E-7BCE88E86F12}
	EndGlobalSection
EndGlobal
