
Microsoft Visual Studio Solution File, Format Version 12.00
# Visual Studio Version 17
VisualStudioVersion = 17.14.36203.30 d17.14
MinimumVisualStudioVersion = 10.0.40219.1
Project("{FAE04EC0-301F-11D3-BF4B-00C04F79EFBC}") = "Project1", "Project1.csproj", "{DC879518-663D-42F6-9ACB-59FBFBA8C55C}"
EndProject
Global
	GlobalSection(SolutionConfigurationPlatforms) = preSolution
		Debug|Any CPU = Debug|Any CPU
		Release|Any CPU = Release|Any CPU
	EndGlobalSection
	GlobalSection(ProjectConfigurationPlatforms) = postSolution
		{DC879518-663D-42F6-9ACB-59FBFBA8C55C}.Debug|Any CPU.ActiveCfg = Debug|Any CPU
		{DC879518-663D-42F6-9ACB-59FBFBA8C55C}.Debug|Any CPU.Build.0 = Debug|Any CPU
		{DC879518-663D-42F6-9ACB-59FBFBA8C55C}.Release|Any CPU.ActiveCfg = Release|Any CPU
		{DC879518-663D-42F6-9ACB-59FBFBA8C55C}.Release|Any CPU.Build.0 = Release|Any CPU
	EndGlobalSection
	GlobalSection(SolutionProperties) = preSolution
		HideSolutionNode = FALSE
	EndGlobalSection
	GlobalSection(ExtensibilityGlobals) = postSolution
		SolutionGuid = {66012250-51FD-47AC-8769-4DF1FB5248F4}
	EndGlobalSection
EndGlobal
