
Microsoft Visual Studio Solution File, Format Version 12.00
# Visual Studio Version 17
VisualStudioVersion = 17.14.36203.30 d17.14
MinimumVisualStudioVersion = 10.0.40219.1
Project("{FAE04EC0-301F-11D3-BF4B-00C04F79EFBC}") = "Project1", "Project1.csproj", "{BF5D0067-59A4-46D3-99FE-071D7F9F6E9B}"
EndProject
Global
	GlobalSection(SolutionConfigurationPlatforms) = preSolution
		Debug|Any CPU = Debug|Any CPU
		Release|Any CPU = Release|Any CPU
	EndGlobalSection
	GlobalSection(ProjectConfigurationPlatforms) = postSolution
		{BF5D0067-59A4-46D3-99FE-071D7F9F6E9B}.Debug|Any CPU.ActiveCfg = Debug|Any CPU
		{BF5D0067-59A4-46D3-99FE-071D7F9F6E9B}.Debug|Any CPU.Build.0 = Debug|Any CPU
		{BF5D0067-59A4-46D3-99FE-071D7F9F6E9B}.Release|Any CPU.ActiveCfg = Release|Any CPU
		{BF5D0067-59A4-46D3-99FE-071D7F9F6E9B}.Release|Any CPU.Build.0 = Release|Any CPU
	EndGlobalSection
	GlobalSection(SolutionProperties) = preSolution
		HideSolutionNode = FALSE
	EndGlobalSection
	GlobalSection(ExtensibilityGlobals) = postSolution
		SolutionGuid = {E9DA516F-49D6-4710-AAFA-10301E345059}
	EndGlobalSection
EndGlobal
