
Microsoft Visual Studio Solution File, Format Version 12.00
# Visual Studio Version 17
VisualStudioVersion = 17.14.36203.30 d17.14
MinimumVisualStudioVersion = 10.0.40219.1
Project("{FAE04EC0-301F-11D3-BF4B-00C04F79EFBC}") = "Project1", "Project1.csproj", "{D9E7B007-70C0-437F-A16E-8EFE47628CAB}"
EndProject
Global
	GlobalSection(SolutionConfigurationPlatforms) = preSolution
		Debug|Any CPU = Debug|Any CPU
		Release|Any CPU = Release|Any CPU
	EndGlobalSection
	GlobalSection(ProjectConfigurationPlatforms) = postSolution
		{D9E7B007-70C0-437F-A16E-8EFE47628CAB}.Debug|Any CPU.ActiveCfg = Debug|Any CPU
		{D9E7B007-70C0-437F-A16E-8EFE47628CAB}.Debug|Any CPU.Build.0 = Debug|Any CPU
		{D9E7B007-70C0-437F-A16E-8EFE47628CAB}.Release|Any CPU.ActiveCfg = Release|Any CPU
		{D9E7B007-70C0-437F-A16E-8EFE47628CAB}.Release|Any CPU.Build.0 = Release|Any CPU
	EndGlobalSection
	GlobalSection(SolutionProperties) = preSolution
		HideSolutionNode = FALSE
	EndGlobalSection
	GlobalSection(ExtensibilityGlobals) = postSolution
		SolutionGuid = {2A9446F1-3359-4381-834B-7D13604855AA}
	EndGlobalSection
EndGlobal
