
Microsoft Visual Studio Solution File, Format Version 12.00
# Visual Studio Version 17
VisualStudioVersion = 17.14.36203.30 d17.14
MinimumVisualStudioVersion = 10.0.40219.1
Project("{FAE04EC0-301F-11D3-BF4B-00C04F79EFBC}") = "Project1", "Project1.csproj", "{F17F9A1B-18B6-4E3A-9E99-3209A4F12FB7}"
EndProject
Global
	GlobalSection(SolutionConfigurationPlatforms) = preSolution
		Debug|Any CPU = Debug|Any CPU
		Release|Any CPU = Release|Any CPU
	EndGlobalSection
	GlobalSection(ProjectConfigurationPlatforms) = postSolution
		{F17F9A1B-18B6-4E3A-9E99-3209A4F12FB7}.Debug|Any CPU.ActiveCfg = Debug|Any CPU
		{F17F9A1B-18B6-4E3A-9E99-3209A4F12FB7}.Debug|Any CPU.Build.0 = Debug|Any CPU
		{F17F9A1B-18B6-4E3A-9E99-3209A4F12FB7}.Release|Any CPU.ActiveCfg = Release|Any CPU
		{F17F9A1B-18B6-4E3A-9E99-3209A4F12FB7}.Release|Any CPU.Build.0 = Release|Any CPU
	EndGlobalSection
	GlobalSection(SolutionProperties) = preSolution
		HideSolutionNode = FALSE
	EndGlobalSection
	GlobalSection(ExtensibilityGlobals) = postSolution
		SolutionGuid = {53F6989A-7724-47F2-9726-A156C26C36D0}
	EndGlobalSection
EndGlobal
