
Microsoft Visual Studio Solution File, Format Version 12.00
# Visual Studio Version 17
VisualStudioVersion = 17.14.36203.30 d17.14
MinimumVisualStudioVersion = 10.0.40219.1
Project("{FAE04EC0-301F-11D3-BF4B-00C04F79EFBC}") = "Project1", "Project1.csproj", "{A084534F-F191-439F-B868-8B48131336C0}"
EndProject
Global
	GlobalSection(SolutionConfigurationPlatforms) = preSolution
		Debug|Any CPU = Debug|Any CPU
		Release|Any CPU = Release|Any CPU
	EndGlobalSection
	GlobalSection(ProjectConfigurationPlatforms) = postSolution
		{A084534F-F191-439F-B868-8B48131336C0}.Debug|Any CPU.ActiveCfg = Debug|Any CPU
		{A084534F-F191-439F-B868-8B48131336C0}.Debug|Any CPU.Build.0 = Debug|Any CPU
		{A084534F-F191-439F-B868-8B48131336C0}.Release|Any CPU.ActiveCfg = Release|Any CPU
		{A084534F-F191-439F-B868-8B48131336C0}.Release|Any CPU.Build.0 = Release|Any CPU
	EndGlobalSection
	GlobalSection(SolutionProperties) = preSolution
		HideSolutionNode = FALSE
	EndGlobalSection
	GlobalSection(ExtensibilityGlobals) = postSolution
		SolutionGuid = {CAF3E5A5-A4C0-4B75-99E4-0D3302785541}
	EndGlobalSection
EndGlobal
