
Microsoft Visual Studio Solution File, Format Version 12.00
# Visual Studio Version 17
VisualStudioVersion = 17.14.36203.30 d17.14
MinimumVisualStudioVersion = 10.0.40219.1
Project("{FAE04EC0-301F-11D3-BF4B-00C04F79EFBC}") = "Project2", "Project2.csproj", "{80345AEE-E0C1-467D-B7DA-C04CCFE51A5D}"
EndProject
Global
	GlobalSection(SolutionConfigurationPlatforms) = preSolution
		Debug|Any CPU = Debug|Any CPU
		Release|Any CPU = Release|Any CPU
	EndGlobalSection
	GlobalSection(ProjectConfigurationPlatforms) = postSolution
		{80345AEE-E0C1-467D-B7DA-C04CCFE51A5D}.Debug|Any CPU.ActiveCfg = Debug|Any CPU
		{80345AEE-E0C1-467D-B7DA-C04CCFE51A5D}.Debug|Any CPU.Build.0 = Debug|Any CPU
		{80345AEE-E0C1-467D-B7DA-C04CCFE51A5D}.Release|Any CPU.ActiveCfg = Release|Any CPU
		{80345AEE-E0C1-467D-B7DA-C04CCFE51A5D}.Release|Any CPU.Build.0 = Release|Any CPU
	EndGlobalSection
	GlobalSection(SolutionProperties) = preSolution
		HideSolutionNode = FALSE
	EndGlobalSection
	GlobalSection(ExtensibilityGlobals) = postSolution
		SolutionGuid = {A2799E1B-BD65-403C-BC15-FD7B3A20AEF8}
	EndGlobalSection
EndGlobal
