
Microsoft Visual Studio Solution File, Format Version 12.00
# Visual Studio Version 17
VisualStudioVersion = 17.14.36203.30 d17.14
MinimumVisualStudioVersion = 10.0.40219.1
Project("{FAE04EC0-301F-11D3-BF4B-00C04F79EFBC}") = "Project1", "Project1.csproj", "{6971BFB9-5253-4475-AC8A-A30ED2367903}"
EndProject
Global
	GlobalSection(SolutionConfigurationPlatforms) = preSolution
		Debug|Any CPU = Debug|Any CPU
		Release|Any CPU = Release|Any CPU
	EndGlobalSection
	GlobalSection(ProjectConfigurationPlatforms) = postSolution
		{6971BFB9-5253-4475-AC8A-A30ED2367903}.Debug|Any CPU.ActiveCfg = Debug|Any CPU
		{6971BFB9-5253-4475-AC8A-A30ED2367903}.Debug|Any CPU.Build.0 = Debug|Any CPU
		{6971BFB9-5253-4475-AC8A-A30ED2367903}.Release|Any CPU.ActiveCfg = Release|Any CPU
		{6971BFB9-5253-4475-AC8A-A30ED2367903}.Release|Any CPU.Build.0 = Release|Any CPU
	EndGlobalSection
	GlobalSection(SolutionProperties) = preSolution
		HideSolutionNode = FALSE
	EndGlobalSection
	GlobalSection(ExtensibilityGlobals) = postSolution
		SolutionGuid = {67BD36A6-5F44-4798-8C65-BF76AE434724}
	EndGlobalSection
EndGlobal
