
Microsoft Visual Studio Solution File, Format Version 12.00
# Visual Studio Version 17
VisualStudioVersion = 17.8.34408.163
MinimumVisualStudioVersion = 10.0.40219.1
Project("{FAE04EC0-301F-11D3-BF4B-00C04F79EFBC}") = "ArrayFromMethodDemo", "ArrayFromMethodDemo.csproj", "{1BAE96AA-EB8D-46FC-9A76-F95A0D8715D5}"
EndProject
Global
	GlobalSection(SolutionConfigurationPlatforms) = preSolution
		Debug|Any CPU = Debug|Any CPU
		Release|Any CPU = Release|Any CPU
	EndGlobalSection
	GlobalSection(ProjectConfigurationPlatforms) = postSolution
		{1BAE96AA-EB8D-46FC-9A76-F95A0D8715D5}.Debug|Any CPU.ActiveCfg = Debug|Any CPU
		{1BAE96AA-EB8D-46FC-9A76-F95A0D8715D5}.Debug|Any CPU.Build.0 = Debug|Any CPU
		{1BAE96AA-EB8D-46FC-9A76-F95A0D8715D5}.Release|Any CPU.ActiveCfg = Release|Any CPU
		{1BAE96AA-EB8D-46FC-9A76-F95A0D8715D5}.Release|Any CPU.Build.0 = Release|Any CPU
	EndGlobalSection
	GlobalSection(SolutionProperties) = preSolution
		HideSolutionNode = FALSE
	EndGlobalSection
	GlobalSection(ExtensibilityGlobals) = postSolution
		SolutionGuid = {F3E76862-F250-4E2B-ADF6-D7CBAB35DFA4}
	EndGlobalSection
EndGlobal
