
Microsoft Visual Studio Solution File, Format Version 12.00
# Visual Studio Version 17
VisualStudioVersion = 17.14.36203.30 d17.14
MinimumVisualStudioVersion = 10.0.40219.1
Project("{FAE04EC0-301F-11D3-BF4B-00C04F79EFBC}") = "Project1", "Project1.csproj", "{F956AD3A-6C4B-419D-994C-82BB03204EAA}"
EndProject
Global
	GlobalSection(SolutionConfigurationPlatforms) = preSolution
		Debug|Any CPU = Debug|Any CPU
		Release|Any CPU = Release|Any CPU
	EndGlobalSection
	GlobalSection(ProjectConfigurationPlatforms) = postSolution
		{F956AD3A-6C4B-419D-994C-82BB03204EAA}.Debug|Any CPU.ActiveCfg = Debug|Any CPU
		{F956AD3A-6C4B-419D-994C-82BB03204EAA}.Debug|Any CPU.Build.0 = Debug|Any CPU
		{F956AD3A-6C4B-419D-994C-82BB03204EAA}.Release|Any CPU.ActiveCfg = Release|Any CPU
		{F956AD3A-6C4B-419D-994C-82BB03204EAA}.Release|Any CPU.Build.0 = Release|Any CPU
	EndGlobalSection
	GlobalSection(SolutionProperties) = preSolution
		HideSolutionNode = FALSE
	EndGlobalSection
	GlobalSection(ExtensibilityGlobals) = postSolution
		SolutionGuid = {FBD70F95-230C-47A6-AB5D-66DFD5904AC9}
	EndGlobalSection
EndGlobal
