
Microsoft Visual Studio Solution File, Format Version 12.00
# Visual Studio Version 17
VisualStudioVersion = 17.14.36203.30 d17.14
MinimumVisualStudioVersion = 10.0.40219.1
Project("{FAE04EC0-301F-11D3-BF4B-00C04F79EFBC}") = "Project2", "Project2.csproj", "{72096F2E-BAF7-4B37-93A7-966000B8577C}"
EndProject
Global
	GlobalSection(SolutionConfigurationPlatforms) = preSolution
		Debug|Any CPU = Debug|Any CPU
		Release|Any CPU = Release|Any CPU
	EndGlobalSection
	GlobalSection(ProjectConfigurationPlatforms) = postSolution
		{72096F2E-BAF7-4B37-93A7-966000B8577C}.Debug|Any CPU.ActiveCfg = Debug|Any CPU
		{72096F2E-BAF7-4B37-93A7-966000B8577C}.Debug|Any CPU.Build.0 = Debug|Any CPU
		{72096F2E-BAF7-4B37-93A7-966000B8577C}.Release|Any CPU.ActiveCfg = Release|Any CPU
		{72096F2E-BAF7-4B37-93A7-966000B8577C}.Release|Any CPU.Build.0 = Release|Any CPU
	EndGlobalSection
	GlobalSection(SolutionProperties) = preSolution
		HideSolutionNode = FALSE
	EndGlobalSection
	GlobalSection(ExtensibilityGlobals) = postSolution
		SolutionGuid = {A32DF79C-102C-4851-9759-89D50C1F46DF}
	EndGlobalSection
EndGlobal
