
Microsoft Visual Studio Solution File, Format Version 12.00
# Visual Studio Version 17
VisualStudioVersion = 17.14.36203.30 d17.14
MinimumVisualStudioVersion = 10.0.40219.1
Project("{FAE04EC0-301F-11D3-BF4B-00C04F79EFBC}") = "Project1", "Project1.csproj", "{AE0284A9-2D27-440E-8683-30CA0192F714}"
EndProject
Global
	GlobalSection(SolutionConfigurationPlatforms) = preSolution
		Debug|Any CPU = Debug|Any CPU
		Release|Any CPU = Release|Any CPU
	EndGlobalSection
	GlobalSection(ProjectConfigurationPlatforms) = postSolution
		{AE0284A9-2D27-440E-8683-30CA0192F714}.Debug|Any CPU.ActiveCfg = Debug|Any CPU
		{AE0284A9-2D27-440E-8683-30CA0192F714}.Debug|Any CPU.Build.0 = Debug|Any CPU
		{AE0284A9-2D27-440E-8683-30CA0192F714}.Release|Any CPU.ActiveCfg = Release|Any CPU
		{AE0284A9-2D27-440E-8683-30CA0192F714}.Release|Any CPU.Build.0 = Release|Any CPU
	EndGlobalSection
	GlobalSection(SolutionProperties) = preSolution
		HideSolutionNode = FALSE
	EndGlobalSection
	GlobalSection(ExtensibilityGlobals) = postSolution
		SolutionGuid = {9250E76D-8FDF-4FB4-B41A-D02A58F04974}
	EndGlobalSection
EndGlobal
