
Microsoft Visual Studio Solution File, Format Version 12.00
# Visual Studio Version 17
VisualStudioVersion = 17.14.36203.30 d17.14
MinimumVisualStudioVersion = 10.0.40219.1
Project("{FAE04EC0-301F-11D3-BF4B-00C04F79EFBC}") = "Project1", "Project1.csproj", "{8CFBABD8-AD3D-4E02-81D5-EF04849E7709}"
EndProject
Global
	GlobalSection(SolutionConfigurationPlatforms) = preSolution
		Debug|Any CPU = Debug|Any CPU
		Release|Any CPU = Release|Any CPU
	EndGlobalSection
	GlobalSection(ProjectConfigurationPlatforms) = postSolution
		{8CFBABD8-AD3D-4E02-81D5-EF04849E7709}.Debug|Any CPU.ActiveCfg = Debug|Any CPU
		{8CFBABD8-AD3D-4E02-81D5-EF04849E7709}.Debug|Any CPU.Build.0 = Debug|Any CPU
		{8CFBABD8-AD3D-4E02-81D5-EF04849E7709}.Release|Any CPU.ActiveCfg = Release|Any CPU
		{8CFBABD8-AD3D-4E02-81D5-EF04849E7709}.Release|Any CPU.Build.0 = Release|Any CPU
	EndGlobalSection
	GlobalSection(SolutionProperties) = preSolution
		HideSolutionNode = FALSE
	EndGlobalSection
	GlobalSection(ExtensibilityGlobals) = postSolution
		SolutionGuid = {694C24F5-C059-47FB-BCA4-CA30D5FDF869}
	EndGlobalSection
EndGlobal
