
Microsoft Visual Studio Solution File, Format Version 12.00
# Visual Studio Version 17
VisualStudioVersion = 17.14.36203.30 d17.14
MinimumVisualStudioVersion = 10.0.40219.1
Project("{FAE04EC0-301F-11D3-BF4B-00C04F79EFBC}") = "Project1", "Project1.csproj", "{55DAC499-B43E-43B3-9E57-4626AB3490CA}"
EndProject
Global
	GlobalSection(SolutionConfigurationPlatforms) = preSolution
		Debug|Any CPU = Debug|Any CPU
		Release|Any CPU = Release|Any CPU
	EndGlobalSection
	GlobalSection(ProjectConfigurationPlatforms) = postSolution
		{55DAC499-B43E-43B3-9E57-4626AB3490CA}.Debug|Any CPU.ActiveCfg = Debug|Any CPU
		{55DAC499-B43E-43B3-9E57-4626AB3490CA}.Debug|Any CPU.Build.0 = Debug|Any CPU
		{55DAC499-B43E-43B3-9E57-4626AB3490CA}.Release|Any CPU.ActiveCfg = Release|Any CPU
		{55DAC499-B43E-43B3-9E57-4626AB3490CA}.Release|Any CPU.Build.0 = Release|Any CPU
	EndGlobalSection
	GlobalSection(SolutionProperties) = preSolution
		HideSolutionNode = FALSE
	EndGlobalSection
	GlobalSection(ExtensibilityGlobals) = postSolution
		SolutionGuid = {4C8EE73D-7E38-4945-802E-8AEDBB361B62}
	EndGlobalSection
EndGlobal
