
Microsoft Visual Studio Solution File, Format Version 12.00
# Visual Studio Version 17
VisualStudioVersion = 17.14.36203.30 d17.14
MinimumVisualStudioVersion = 10.0.40219.1
Project("{FAE04EC0-301F-11D3-BF4B-00C04F79EFBC}") = "Project1", "Project1.csproj", "{1B3048BB-506C-4157-AD4E-94F47059D39C}"
EndProject
Global
	GlobalSection(SolutionConfigurationPlatforms) = preSolution
		Debug|Any CPU = Debug|Any CPU
		Release|Any CPU = Release|Any CPU
	EndGlobalSection
	GlobalSection(ProjectConfigurationPlatforms) = postSolution
		{1B3048BB-506C-4157-AD4E-94F47059D39C}.Debug|Any CPU.ActiveCfg = Debug|Any CPU
		{1B3048BB-506C-4157-AD4E-94F47059D39C}.Debug|Any CPU.Build.0 = Debug|Any CPU
		{1B3048BB-506C-4157-AD4E-94F47059D39C}.Release|Any CPU.ActiveCfg = Release|Any CPU
		{1B3048BB-506C-4157-AD4E-94F47059D39C}.Release|Any CPU.Build.0 = Release|Any CPU
	EndGlobalSection
	GlobalSection(SolutionProperties) = preSolution
		HideSolutionNode = FALSE
	EndGlobalSection
	GlobalSection(ExtensibilityGlobals) = postSolution
		SolutionGuid = {E580E162-F8C9-4078-96D3-8F117A5B6D37}
	EndGlobalSection
EndGlobal
