
Microsoft Visual Studio Solution File, Format Version 12.00
# Visual Studio Version 17
VisualStudioVersion = 17.14.36203.30 d17.14
MinimumVisualStudioVersion = 10.0.40219.1
Project("{FAE04EC0-301F-11D3-BF4B-00C04F79EFBC}") = "Project1", "Project1.csproj", "{B1DDC439-E92F-4226-AE83-F2B7055F2608}"
EndProject
Global
	GlobalSection(SolutionConfigurationPlatforms) = preSolution
		Debug|Any CPU = Debug|Any CPU
		Release|Any CPU = Release|Any CPU
	EndGlobalSection
	GlobalSection(ProjectConfigurationPlatforms) = postSolution
		{B1DDC439-E92F-4226-AE83-F2B7055F2608}.Debug|Any CPU.ActiveCfg = Debug|Any CPU
		{B1DDC439-E92F-4226-AE83-F2B7055F2608}.Debug|Any CPU.Build.0 = Debug|Any CPU
		{B1DDC439-E92F-4226-AE83-F2B7055F2608}.Release|Any CPU.ActiveCfg = Release|Any CPU
		{B1DDC439-E92F-4226-AE83-F2B7055F2608}.Release|Any CPU.Build.0 = Release|Any CPU
	EndGlobalSection
	GlobalSection(SolutionProperties) = preSolution
		HideSolutionNode = FALSE
	EndGlobalSection
	GlobalSection(ExtensibilityGlobals) = postSolution
		SolutionGuid = {68899483-419C-4A5A-972B-DD8FA5512B00}
	EndGlobalSection
EndGlobal
