
Microsoft Visual Studio Solution File, Format Version 12.00
# Visual Studio Version 17
VisualStudioVersion = 17.14.36203.30 d17.14
MinimumVisualStudioVersion = 10.0.40219.1
Project("{FAE04EC0-301F-11D3-BF4B-00C04F79EFBC}") = "Project1", "Project1.csproj", "{4E703F6B-A64F-47DB-B313-4F81552DA7EE}"
EndProject
Global
	GlobalSection(SolutionConfigurationPlatforms) = preSolution
		Debug|Any CPU = Debug|Any CPU
		Release|Any CPU = Release|Any CPU
	EndGlobalSection
	GlobalSection(ProjectConfigurationPlatforms) = postSolution
		{4E703F6B-A64F-47DB-B313-4F81552DA7EE}.Debug|Any CPU.ActiveCfg = Debug|Any CPU
		{4E703F6B-A64F-47DB-B313-4F81552DA7EE}.Debug|Any CPU.Build.0 = Debug|Any CPU
		{4E703F6B-A64F-47DB-B313-4F81552DA7EE}.Release|Any CPU.ActiveCfg = Release|Any CPU
		{4E703F6B-A64F-47DB-B313-4F81552DA7EE}.Release|Any CPU.Build.0 = Release|Any CPU
	EndGlobalSection
	GlobalSection(SolutionProperties) = preSolution
		HideSolutionNode = FALSE
	EndGlobalSection
	GlobalSection(ExtensibilityGlobals) = postSolution
		SolutionGuid = {DE1E0650-5A81-428F-8226-19398E3394C5}
	EndGlobalSection
EndGlobal
