
Microsoft Visual Studio Solution File, Format Version 12.00
# Visual Studio Version 17
VisualStudioVersion = 17.14.36203.30 d17.14
MinimumVisualStudioVersion = 10.0.40219.1
Project("{FAE04EC0-301F-11D3-BF4B-00C04F79EFBC}") = "Project1", "Project1.csproj", "{9E40E296-89BC-4E50-BF3E-345BD901D2C9}"
EndProject
Global
	GlobalSection(SolutionConfigurationPlatforms) = preSolution
		Debug|Any CPU = Debug|Any CPU
		Release|Any CPU = Release|Any CPU
	EndGlobalSection
	GlobalSection(ProjectConfigurationPlatforms) = postSolution
		{9E40E296-89BC-4E50-BF3E-345BD901D2C9}.Debug|Any CPU.ActiveCfg = Debug|Any CPU
		{9E40E296-89BC-4E50-BF3E-345BD901D2C9}.Debug|Any CPU.Build.0 = Debug|Any CPU
		{9E40E296-89BC-4E50-BF3E-345BD901D2C9}.Release|Any CPU.ActiveCfg = Release|Any CPU
		{9E40E296-89BC-4E50-BF3E-345BD901D2C9}.Release|Any CPU.Build.0 = Release|Any CPU
	EndGlobalSection
	GlobalSection(SolutionProperties) = preSolution
		HideSolutionNode = FALSE
	EndGlobalSection
	GlobalSection(ExtensibilityGlobals) = postSolution
		SolutionGuid = {FDB31768-4BD3-477B-96A6-2D24FC7A8883}
	EndGlobalSection
EndGlobal
