
Microsoft Visual Studio Solution File, Format Version 12.00
# Visual Studio Version 17
VisualStudioVersion = 17.14.36203.30 d17.14
MinimumVisualStudioVersion = 10.0.40219.1
Project("{FAE04EC0-301F-11D3-BF4B-00C04F79EFBC}") = "Project1", "Project1.csproj", "{4092CAC4-BCEA-45AA-BF3D-8D87AA946751}"
EndProject
Global
	GlobalSection(SolutionConfigurationPlatforms) = preSolution
		Debug|Any CPU = Debug|Any CPU
		Release|Any CPU = Release|Any CPU
	EndGlobalSection
	GlobalSection(ProjectConfigurationPlatforms) = postSolution
		{4092CAC4-BCEA-45AA-BF3D-8D87AA946751}.Debug|Any CPU.ActiveCfg = Debug|Any CPU
		{4092CAC4-BCEA-45AA-BF3D-8D87AA946751}.Debug|Any CPU.Build.0 = Debug|Any CPU
		{4092CAC4-BCEA-45AA-BF3D-8D87AA946751}.Release|Any CPU.ActiveCfg = Release|Any CPU
		{4092CAC4-BCEA-45AA-BF3D-8D87AA946751}.Release|Any CPU.Build.0 = Release|Any CPU
	EndGlobalSection
	GlobalSection(SolutionProperties) = preSolution
		HideSolutionNode = FALSE
	EndGlobalSection
	GlobalSection(ExtensibilityGlobals) = postSolution
		SolutionGuid = {1C083834-B115-4060-85A2-D16707DE7D04}
	EndGlobalSection
EndGlobal
