
Microsoft Visual Studio Solution File, Format Version 12.00
# Visual Studio Version 17
VisualStudioVersion = 17.14.36203.30 d17.14
MinimumVisualStudioVersion = 10.0.40219.1
Project("{FAE04EC0-301F-11D3-BF4B-00C04F79EFBC}") = "Project1", "Project1.csproj", "{DBD619A7-FDFD-486A-97B1-6EA03D80A1BE}"
EndProject
Global
	GlobalSection(SolutionConfigurationPlatforms) = preSolution
		Debug|Any CPU = Debug|Any CPU
		Release|Any CPU = Release|Any CPU
	EndGlobalSection
	GlobalSection(ProjectConfigurationPlatforms) = postSolution
		{DBD619A7-FDFD-486A-97B1-6EA03D80A1BE}.Debug|Any CPU.ActiveCfg = Debug|Any CPU
		{DBD619A7-FDFD-486A-97B1-6EA03D80A1BE}.Debug|Any CPU.Build.0 = Debug|Any CPU
		{DBD619A7-FDFD-486A-97B1-6EA03D80A1BE}.Release|Any CPU.ActiveCfg = Release|Any CPU
		{DBD619A7-FDFD-486A-97B1-6EA03D80A1BE}.Release|Any CPU.Build.0 = Release|Any CPU
	EndGlobalSection
	GlobalSection(SolutionProperties) = preSolution
		HideSolutionNode = FALSE
	EndGlobalSection
	GlobalSection(ExtensibilityGlobals) = postSolution
		SolutionGuid = {422E26DF-12A2-4433-9444-91AAA9E5EF29}
	EndGlobalSection
EndGlobal
