
Microsoft Visual Studio Solution File, Format Version 12.00
# Visual Studio Version 17
VisualStudioVersion = 17.14.36203.30 d17.14
MinimumVisualStudioVersion = 10.0.40219.1
Project("{FAE04EC0-301F-11D3-BF4B-00C04F79EFBC}") = "Project1", "Project1.csproj", "{2D8A43B2-874F-4236-93DD-8DF97138337D}"
EndProject
Global
	GlobalSection(SolutionConfigurationPlatforms) = preSolution
		Debug|Any CPU = Debug|Any CPU
		Release|Any CPU = Release|Any CPU
	EndGlobalSection
	GlobalSection(ProjectConfigurationPlatforms) = postSolution
		{2D8A43B2-874F-4236-93DD-8DF97138337D}.Debug|Any CPU.ActiveCfg = Debug|Any CPU
		{2D8A43B2-874F-4236-93DD-8DF97138337D}.Debug|Any CPU.Build.0 = Debug|Any CPU
		{2D8A43B2-874F-4236-93DD-8DF97138337D}.Release|Any CPU.ActiveCfg = Release|Any CPU
		{2D8A43B2-874F-4236-93DD-8DF97138337D}.Release|Any CPU.Build.0 = Release|Any CPU
	EndGlobalSection
	GlobalSection(SolutionProperties) = preSolution
		HideSolutionNode = FALSE
	EndGlobalSection
	GlobalSection(ExtensibilityGlobals) = postSolution
		SolutionGuid = {1745AF45-141D-4A2F-AD3B-46F76D7FD382}
	EndGlobalSection
EndGlobal
